
Microsoft Visual Studio Solution File, Format Version 12.00
# Visual Studio 2017
Project("{FAE04EC0-301F-11D3-BF4B-00C04F79EFBC}") = "Deliver_The_Message", "Deliver_The_Message.csproj", "{33AB1A24-ECE2-F130-C7CE-BEBF55D6B60F}"
EndProject
Project("{FAE04EC0-301F-11D3-BF4B-00C04F79EFBC}") = "Deliver_The_Message.Plugins", "Deliver_The_Message.Plugins.csproj", "{1E235BA4-E7FE-45FF-7FC5-1C0283420720}"
EndProject
Project("{FAE04EC0-301F-11D3-BF4B-00C04F79EFBC}") = "Deliver_The_Message.Editor.Plugins", "Deliver_The_Message.Editor.Plugins.csproj", "{D831B448-2BEB-EB38-55E2-77F978C38FD7}"
EndProject
Project("{FAE04EC0-301F-11D3-BF4B-00C04F79EFBC}") = "Deliver_The_Message.Editor", "Deliver_The_Message.Editor.csproj", "{950CA785-B9A1-346C-856A-9A5FF098C152}"
EndProject
Global
	GlobalSection(SolutionConfigurationPlatforms) = preSolution
		Debug|Any CPU = Debug|Any CPU
		Release|Any CPU = Release|Any CPU
	EndGlobalSection
	GlobalSection(ProjectConfigurationPlatforms) = postSolution
		{33AB1A24-ECE2-F130-C7CE-BEBF55D6B60F}.Debug|Any CPU.ActiveCfg = Debug|Any CPU
		{33AB1A24-ECE2-F130-C7CE-BEBF55D6B60F}.Debug|Any CPU.Build.0 = Debug|Any CPU
		{33AB1A24-ECE2-F130-C7CE-BEBF55D6B60F}.Release|Any CPU.ActiveCfg = Release|Any CPU
		{33AB1A24-ECE2-F130-C7CE-BEBF55D6B60F}.Release|Any CPU.Build.0 = Release|Any CPU
		{1E235BA4-E7FE-45FF-7FC5-1C0283420720}.Debug|Any CPU.ActiveCfg = Debug|Any CPU
		{1E235BA4-E7FE-45FF-7FC5-1C0283420720}.Debug|Any CPU.Build.0 = Debug|Any CPU
		{1E235BA4-E7FE-45FF-7FC5-1C0283420720}.Release|Any CPU.ActiveCfg = Release|Any CPU
		{1E235BA4-E7FE-45FF-7FC5-1C0283420720}.Release|Any CPU.Build.0 = Release|Any CPU
		{D831B448-2BEB-EB38-55E2-77F978C38FD7}.Debug|Any CPU.ActiveCfg = Debug|Any CPU
		{D831B448-2BEB-EB38-55E2-77F978C38FD7}.Debug|Any CPU.Build.0 = Debug|Any CPU
		{D831B448-2BEB-EB38-55E2-77F978C38FD7}.Release|Any CPU.ActiveCfg = Release|Any CPU
		{D831B448-2BEB-EB38-55E2-77F978C38FD7}.Release|Any CPU.Build.0 = Release|Any CPU
		{950CA785-B9A1-346C-856A-9A5FF098C152}.Debug|Any CPU.ActiveCfg = Debug|Any CPU
		{950CA785-B9A1-346C-856A-9A5FF098C152}.Debug|Any CPU.Build.0 = Debug|Any CPU
		{950CA785-B9A1-346C-856A-9A5FF098C152}.Release|Any CPU.ActiveCfg = Release|Any CPU
		{950CA785-B9A1-346C-856A-9A5FF098C152}.Release|Any CPU.Build.0 = Release|Any CPU
	EndGlobalSection
	GlobalSection(SolutionProperties) = preSolution
		HideSolutionNode = FALSE
	EndGlobalSection
EndGlobal
